locks:
  f/data_sources/notjuliet_awesome_bluesky: afc3aa19ca6972c60fbbd7b1584000743e48e996aa66645286b9dc1dc69111d4
  f/data_sources/official_showcase: 36c87e03fa9695993997357dbada6242cce857b9332f3162436cebb745b7df84
  f/data_sources/sdk_blue: c20f690e48a5736859ede911061c9dea797744210779c02961a5c322e55e319d
  f/data_sources/skeet_tools: e2c7ae211ec5cec4c1bf06381dc8d043c6dd106d6a1c95a7bb6deb1acf68b8ca
  f/main/ATPT_grister: ea8bfe0aef36fa52dc2a1bcace1988af3200d89c102b6fbfc83efc8e0602896f
  f/main/ATPTGrister: c55ea5544985c0729215534b30bd12460998c26b8d190e2f9505e880a7d73fae
  f/main/Collector: 282ec5f465fff872c4c3e8b3334ebb8c0dbad76c5d9a68ef69ffc0be1b07182d
  f/main/feed_fetcher: e29a81f370aff1f1603829774fb64691e157106181a17f58533d6047aa153a81
  f/main/FieldCollector: 214b3abadfd0f65fe9805e7840724525b3b82d2bd04049bee5d30ec6ef9b69a2
  f/main/official_showcase: 5759916bde47a3317bcaba4db29f74fe24fe4881da1383b77d989c7d5203298d
  f/main/results_table: 320c982c64b5a8db318d37da36a530f533edd8c37ef7a171c5033f47b0cd5dea
  f/main/write_db: 4897c37f7cc7e1e38e48bab65424378077b7ba0cd219866c39bbf5eeb6cb088d
